
Microsoft Visual Studio Solution File, Format Version 12.00
# Visual Studio Version 16
VisualStudioVersion = 16.0.30717.126
MinimumVisualStudioVersion = 10.0.40219.1
Project("{FAE04EC0-301F-11D3-BF4B-00C04F79EFBC}") = "BlogSite", "BlogSite\BlogSite.csproj", "{F111436B-05EE-4340-AF16-0EF13ED99A4F}"
EndProject
Global
	GlobalSection(SolutionConfigurationPlatforms) = preSolution
		Debug|Any CPU = Debug|Any CPU
		Release|Any CPU = Release|Any CPU
	EndGlobalSection
	GlobalSection(ProjectConfigurationPlatforms) = postSolution
		{F111436B-05EE-4340-AF16-0EF13ED99A4F}.Debug|Any CPU.ActiveCfg = Debug|Any CPU
		{F111436B-05EE-4340-AF16-0EF13ED99A4F}.Debug|Any CPU.Build.0 = Debug|Any CPU
		{F111436B-05EE-4340-AF16-0EF13ED99A4F}.Release|Any CPU.ActiveCfg = Release|Any CPU
		{F111436B-05EE-4340-AF16-0EF13ED99A4F}.Release|Any CPU.Build.0 = Release|Any CPU
	EndGlobalSection
	GlobalSection(SolutionProperties) = preSolution
		HideSolutionNode = FALSE
	EndGlobalSection
	GlobalSection(ExtensibilityGlobals) = postSolution
		SolutionGuid = {C22C263F-80F0-4D0E-9015-A812B7CC9CBB}
	EndGlobalSection
EndGlobal
